{
  "version": 4,
  "terraform_version": "0.15.1",
  "serial": 66,
  "lineage": "c0cc311c-c840-6d68-9ff3-8db54714ba75",
  "outputs": {
    "private_ip_vm_instance_monitoring-02": {
      "value": [
        [
          "10.15.1.3"
        ]
      ],
      "type": [
        "tuple",
        [
          [
            "tuple",
            [
              "string"
            ]
          ]
        ]
      ]
    },
    "public_ip_vm_instance_balancer-01": {
      "value": [
        [
          "104.196.164.201"
        ]
      ],
      "type": [
        "tuple",
        [
          [
            "tuple",
            [
              "string"
            ]
          ]
        ]
      ]
    },
    "public_ip_vm_instance_cicd-01": {
      "value": [
        [
          "34.74.166.7"
        ]
      ],
      "type": [
        "tuple",
        [
          [
            "tuple",
            [
              "string"
            ]
          ]
        ]
      ]
    },
    "public_ip_vm_instance_kubernetes-master-node-01": {
      "value": [
        [
          "35.229.27.140"
        ]
      ],
      "type": [
        "tuple",
        [
          [
            "tuple",
            [
              "string"
            ]
          ]
        ]
      ]
    },
    "public_ip_vm_instance_kubernetes-worker-node-01": {
      "value": [
        [
          "35.227.41.125"
        ]
      ],
      "type": [
        "tuple",
        [
          [
            "tuple",
            [
              "string"
            ]
          ]
        ]
      ]
    },
    "public_ip_vm_instance_monitoring-01": {
      "value": [
        [
          "34.73.44.233"
        ]
      ],
      "type": [
        "tuple",
        [
          [
            "tuple",
            [
              "string"
            ]
          ]
        ]
      ]
    },
    "public_ip_vm_instance_monitoring-02": {
      "value": [
        [
          "35.231.255.79"
        ]
      ],
      "type": [
        "tuple",
        [
          [
            "tuple",
            [
              "string"
            ]
          ]
        ]
      ]
    },
    "public_ip_vm_instance_registry-01": {
      "value": [
        [
          "35.243.183.190"
        ]
      ],
      "type": [
        "tuple",
        [
          [
            "tuple",
            [
              "string"
            ]
          ]
        ]
      ]
    }
  },
  "resources": [
    {
      "mode": "managed",
      "type": "google_compute_firewall",
      "name": "allow-http",
      "provider": "provider[\"registry.terraform.io/hashicorp/google\"]",
      "instances": [
        {
          "schema_version": 1,
          "attributes": {
            "allow": [
              {
                "ports": [
                  "80-81"
                ],
                "protocol": "tcp"
              }
            ],
            "creation_timestamp": "2021-05-02T14:15:58.296-07:00",
            "deny": [],
            "description": "",
            "destination_ranges": [],
            "direction": "INGRESS",
            "disabled": false,
            "enable_logging": null,
            "id": "projects/desafio-project/global/firewalls/meister-fw-allow-http",
            "log_config": [],
            "name": "meister-fw-allow-http",
            "network": "https://www.googleapis.com/compute/v1/projects/desafio-project/global/networks/desafio-network",
            "priority": 1000,
            "project": "desafio-project",
            "self_link": "https://www.googleapis.com/compute/v1/projects/desafio-project/global/firewalls/meister-fw-allow-http",
            "source_ranges": [
              "0.0.0.0/0"
            ],
            "source_service_accounts": [],
            "source_tags": [],
            "target_service_accounts": [],
            "target_tags": [
              "http"
            ],
            "timeouts": null
          },
          "sensitive_attributes": [],
          "private": "eyJlMmJmYjczMC1lY2FhLTExZTYtOGY4OC0zNDM2M2JjN2M0YzAiOnsiY3JlYXRlIjoyNDAwMDAwMDAwMDAsImRlbGV0ZSI6MjQwMDAwMDAwMDAwLCJ1cGRhdGUiOjI0MDAwMDAwMDAwMH0sInNjaGVtYV92ZXJzaW9uIjoiMSJ9",
          "dependencies": [
            "google_compute_network.vpc"
          ]
        }
      ]
    },
    {
      "mode": "managed",
      "type": "google_compute_firewall",
      "name": "allow-kubernetes-dashboard",
      "provider": "provider[\"registry.terraform.io/hashicorp/google\"]",
      "instances": [
        {
          "schema_version": 1,
          "attributes": {
            "allow": [
              {
                "ports": [
                  "31000"
                ],
                "protocol": "tcp"
              }
            ],
            "creation_timestamp": "2021-05-03T13:42:05.221-07:00",
            "deny": [],
            "description": "",
            "destination_ranges": [],
            "direction": "INGRESS",
            "disabled": false,
            "enable_logging": null,
            "id": "projects/desafio-project/global/firewalls/meister-fw-allow-kubernetes-dashboard",
            "log_config": [],
            "name": "meister-fw-allow-kubernetes-dashboard",
            "network": "https://www.googleapis.com/compute/v1/projects/desafio-project/global/networks/desafio-network",
            "priority": 1000,
            "project": "desafio-project",
            "self_link": "https://www.googleapis.com/compute/v1/projects/desafio-project/global/firewalls/meister-fw-allow-kubernetes-dashboard",
            "source_ranges": [
              "0.0.0.0/0"
            ],
            "source_service_accounts": null,
            "source_tags": null,
            "target_service_accounts": null,
            "target_tags": [
              "k8s"
            ],
            "timeouts": null
          },
          "sensitive_attributes": [],
          "private": "eyJlMmJmYjczMC1lY2FhLTExZTYtOGY4OC0zNDM2M2JjN2M0YzAiOnsiY3JlYXRlIjoyNDAwMDAwMDAwMDAsImRlbGV0ZSI6MjQwMDAwMDAwMDAwLCJ1cGRhdGUiOjI0MDAwMDAwMDAwMH0sInNjaGVtYV92ZXJzaW9uIjoiMSJ9",
          "dependencies": [
            "google_compute_network.vpc"
          ]
        }
      ]
    },
    {
      "mode": "managed",
      "type": "google_compute_firewall",
      "name": "allow-ssh",
      "provider": "provider[\"registry.terraform.io/hashicorp/google\"]",
      "instances": [
        {
          "schema_version": 1,
          "attributes": {
            "allow": [
              {
                "ports": [
                  "22"
                ],
                "protocol": "tcp"
              }
            ],
            "creation_timestamp": "2021-05-02T15:03:04.435-07:00",
            "deny": [],
            "description": "",
            "destination_ranges": [],
            "direction": "INGRESS",
            "disabled": false,
            "enable_logging": null,
            "id": "projects/desafio-project/global/firewalls/meister-fw-allow-ssh",
            "log_config": [],
            "name": "meister-fw-allow-ssh",
            "network": "https://www.googleapis.com/compute/v1/projects/desafio-project/global/networks/desafio-network",
            "priority": 1000,
            "project": "desafio-project",
            "self_link": "https://www.googleapis.com/compute/v1/projects/desafio-project/global/firewalls/meister-fw-allow-ssh",
            "source_ranges": [
              "0.0.0.0/0"
            ],
            "source_service_accounts": [],
            "source_tags": [],
            "target_service_accounts": [],
            "target_tags": [
              "ssh"
            ],
            "timeouts": null
          },
          "sensitive_attributes": [],
          "private": "eyJlMmJmYjczMC1lY2FhLTExZTYtOGY4OC0zNDM2M2JjN2M0YzAiOnsiY3JlYXRlIjoyNDAwMDAwMDAwMDAsImRlbGV0ZSI6MjQwMDAwMDAwMDAwLCJ1cGRhdGUiOjI0MDAwMDAwMDAwMH0sInNjaGVtYV92ZXJzaW9uIjoiMSJ9",
          "dependencies": [
            "google_compute_network.vpc"
          ]
        }
      ]
    },
    {
      "mode": "managed",
      "type": "google_compute_firewall",
      "name": "allow_internal",
      "provider": "provider[\"registry.terraform.io/hashicorp/google\"]",
      "instances": [
        {
          "schema_version": 1,
          "attributes": {
            "allow": [
              {
                "ports": [
                  "0-65535"
                ],
                "protocol": "tcp"
              },
              {
                "ports": [
                  "0-65535"
                ],
                "protocol": "udp"
              },
              {
                "ports": [],
                "protocol": "icmp"
              }
            ],
            "creation_timestamp": "2021-05-02T14:17:38.577-07:00",
            "deny": [],
            "description": "",
            "destination_ranges": [],
            "direction": "INGRESS",
            "disabled": false,
            "enable_logging": null,
            "id": "projects/desafio-project/global/firewalls/meister-fw-allow-internal",
            "log_config": [],
            "name": "meister-fw-allow-internal",
            "network": "https://www.googleapis.com/compute/v1/projects/desafio-project/global/networks/desafio-network",
            "priority": 1000,
            "project": "desafio-project",
            "self_link": "https://www.googleapis.com/compute/v1/projects/desafio-project/global/firewalls/meister-fw-allow-internal",
            "source_ranges": [
              "10.15.1.0/24",
              "10.15.1.0/32",
              "192.168.15.0/24"
            ],
            "source_service_accounts": [],
            "source_tags": [],
            "target_service_accounts": [],
            "target_tags": [],
            "timeouts": null
          },
          "sensitive_attributes": [],
          "private": "eyJlMmJmYjczMC1lY2FhLTExZTYtOGY4OC0zNDM2M2JjN2M0YzAiOnsiY3JlYXRlIjoyNDAwMDAwMDAwMDAsImRlbGV0ZSI6MjQwMDAwMDAwMDAwLCJ1cGRhdGUiOjI0MDAwMDAwMDAwMH0sInNjaGVtYV92ZXJzaW9uIjoiMSJ9",
          "dependencies": [
            "google_compute_network.vpc"
          ]
        }
      ]
    },
    {
      "mode": "managed",
      "type": "google_compute_instance",
      "name": "vm_instance_balancer-01",
      "provider": "provider[\"registry.terraform.io/hashicorp/google\"]",
      "instances": [
        {
          "schema_version": 6,
          "attributes": {
            "allow_stopping_for_update": null,
            "attached_disk": [],
            "boot_disk": [
              {
                "auto_delete": true,
                "device_name": "persistent-disk-0",
                "disk_encryption_key_raw": "",
                "disk_encryption_key_sha256": "",
                "initialize_params": [
                  {
                    "image": "https://www.googleapis.com/compute/v1/projects/debian-cloud/global/images/debian-10-buster-v20210420",
                    "labels": {},
                    "size": 10,
                    "type": "pd-standard"
                  }
                ],
                "kms_key_self_link": "",
                "mode": "READ_WRITE",
                "source": "https://www.googleapis.com/compute/v1/projects/desafio-project/zones/us-east1-c/disks/balancer-haproxy-01"
              }
            ],
            "can_ip_forward": false,
            "confidential_instance_config": [],
            "cpu_platform": "Intel Haswell",
            "current_status": "RUNNING",
            "deletion_protection": false,
            "description": "",
            "desired_status": null,
            "enable_display": false,
            "guest_accelerator": [],
            "hostname": "",
            "id": "projects/desafio-project/zones/us-east1-c/instances/balancer-haproxy-01",
            "instance_id": "5839315845228172950",
            "label_fingerprint": "42WmSpB8rSM=",
            "labels": {},
            "machine_type": "f1-micro",
            "metadata": {
              "ssh-keys": "root:ssh-rsa AAAAB3NzaC1yc2EAAAADAQABAAABAQDevhwoghRsFt3aQABCjuFk1+bkkOK+GLFFXyKZiikObL5i38+4V7L17V+JL9SzpZFw34nlXNitm40bvQBkZxO+i4KKddExxveR8Dzg3tL7FOZCYDL4IxbTpbedC3DfVMcwE9a9HvsHbSqeh31J/i9n9FjhgfcCXkgemHGURNc+RDCK+L0rApyPg90J8Lt8KA4KcakPeBU9YonlXkYzK5haHN47kRisQGPW1GGpbz2xpJjaSkychrRjFjLhOezfEHBEnSi5OALhJLAihY6U3Vbs0z2wH/1wTgppBvH87vLF5OKI6z67flXMUYPGMu4TJA6sXJbigCUHnQS16ywOYLet analivia@ithappens-3g\n"
            },
            "metadata_fingerprint": "jxENKljS4fM=",
            "metadata_startup_script": "sudo apt-get update; sudo apt-get install -yq build-essential python-pip rsync htop",
            "min_cpu_platform": "",
            "name": "balancer-haproxy-01",
            "network_interface": [
              {
                "access_config": [
                  {
                    "nat_ip": "104.196.164.201",
                    "network_tier": "PREMIUM",
                    "public_ptr_domain_name": ""
                  }
                ],
                "alias_ip_range": [],
                "name": "nic0",
                "network": "https://www.googleapis.com/compute/v1/projects/desafio-project/global/networks/desafio-network",
                "network_ip": "10.15.1.6",
                "nic_type": "",
                "subnetwork": "https://www.googleapis.com/compute/v1/projects/desafio-project/regions/us-east1/subnetworks/meister-us-east1-priv-net",
                "subnetwork_project": "desafio-project"
              }
            ],
            "project": "desafio-project",
            "resource_policies": [],
            "scheduling": [
              {
                "automatic_restart": true,
                "min_node_cpus": 0,
                "node_affinities": [],
                "on_host_maintenance": "MIGRATE",
                "preemptible": false
              }
            ],
            "scratch_disk": [],
            "self_link": "https://www.googleapis.com/compute/v1/projects/desafio-project/zones/us-east1-c/instances/balancer-haproxy-01",
            "service_account": [],
            "shielded_instance_config": [
              {
                "enable_integrity_monitoring": true,
                "enable_secure_boot": false,
                "enable_vtpm": true
              }
            ],
            "tags": [
              "http",
              "ssh"
            ],
            "tags_fingerprint": "7XLBdwIeS7E=",
            "timeouts": null,
            "zone": "us-east1-c"
          },
          "sensitive_attributes": [],
          "private": "eyJlMmJmYjczMC1lY2FhLTExZTYtOGY4OC0zNDM2M2JjN2M0YzAiOnsiY3JlYXRlIjoxMjAwMDAwMDAwMDAwLCJkZWxldGUiOjEyMDAwMDAwMDAwMDAsInVwZGF0ZSI6MTIwMDAwMDAwMDAwMH0sInNjaGVtYV92ZXJzaW9uIjoiNiJ9",
          "dependencies": [
            "google_compute_network.vpc",
            "google_compute_subnetwork.private_subnet"
          ]
        }
      ]
    },
    {
      "mode": "managed",
      "type": "google_compute_instance",
      "name": "vm_instance_cicd-01",
      "provider": "provider[\"registry.terraform.io/hashicorp/google\"]",
      "instances": [
        {
          "schema_version": 6,
          "attributes": {
            "allow_stopping_for_update": null,
            "attached_disk": [],
            "boot_disk": [
              {
                "auto_delete": true,
                "device_name": "persistent-disk-0",
                "disk_encryption_key_raw": "",
                "disk_encryption_key_sha256": "",
                "initialize_params": [
                  {
                    "image": "https://www.googleapis.com/compute/v1/projects/debian-cloud/global/images/debian-10-buster-v20210420",
                    "labels": {},
                    "size": 10,
                    "type": "pd-standard"
                  }
                ],
                "kms_key_self_link": "",
                "mode": "READ_WRITE",
                "source": "https://www.googleapis.com/compute/v1/projects/desafio-project/zones/us-east1-c/disks/cicd-jenkins-01"
              }
            ],
            "can_ip_forward": false,
            "confidential_instance_config": [],
            "cpu_platform": "Intel Haswell",
            "current_status": "RUNNING",
            "deletion_protection": false,
            "description": "",
            "desired_status": null,
            "enable_display": false,
            "guest_accelerator": [],
            "hostname": "",
            "id": "projects/desafio-project/zones/us-east1-c/instances/cicd-jenkins-01",
            "instance_id": "3061712472875636375",
            "label_fingerprint": "42WmSpB8rSM=",
            "labels": {},
            "machine_type": "e2-highcpu-4",
            "metadata": {
              "ssh-keys": "root:ssh-rsa AAAAB3NzaC1yc2EAAAADAQABAAABAQDevhwoghRsFt3aQABCjuFk1+bkkOK+GLFFXyKZiikObL5i38+4V7L17V+JL9SzpZFw34nlXNitm40bvQBkZxO+i4KKddExxveR8Dzg3tL7FOZCYDL4IxbTpbedC3DfVMcwE9a9HvsHbSqeh31J/i9n9FjhgfcCXkgemHGURNc+RDCK+L0rApyPg90J8Lt8KA4KcakPeBU9YonlXkYzK5haHN47kRisQGPW1GGpbz2xpJjaSkychrRjFjLhOezfEHBEnSi5OALhJLAihY6U3Vbs0z2wH/1wTgppBvH87vLF5OKI6z67flXMUYPGMu4TJA6sXJbigCUHnQS16ywOYLet analivia@ithappens-3g\n"
            },
            "metadata_fingerprint": "jxENKljS4fM=",
            "metadata_startup_script": "sudo apt-get update; sudo apt-get install -yq build-essential python-pip rsync htop",
            "min_cpu_platform": "",
            "name": "cicd-jenkins-01",
            "network_interface": [
              {
                "access_config": [
                  {
                    "nat_ip": "34.74.166.7",
                    "network_tier": "PREMIUM",
                    "public_ptr_domain_name": ""
                  }
                ],
                "alias_ip_range": [],
                "name": "nic0",
                "network": "https://www.googleapis.com/compute/v1/projects/desafio-project/global/networks/desafio-network",
                "network_ip": "10.15.1.5",
                "nic_type": "",
                "subnetwork": "https://www.googleapis.com/compute/v1/projects/desafio-project/regions/us-east1/subnetworks/meister-us-east1-priv-net",
                "subnetwork_project": "desafio-project"
              }
            ],
            "project": "desafio-project",
            "resource_policies": [],
            "scheduling": [
              {
                "automatic_restart": true,
                "min_node_cpus": 0,
                "node_affinities": [],
                "on_host_maintenance": "MIGRATE",
                "preemptible": false
              }
            ],
            "scratch_disk": [],
            "self_link": "https://www.googleapis.com/compute/v1/projects/desafio-project/zones/us-east1-c/instances/cicd-jenkins-01",
            "service_account": [],
            "shielded_instance_config": [
              {
                "enable_integrity_monitoring": true,
                "enable_secure_boot": false,
                "enable_vtpm": true
              }
            ],
            "tags": [
              "ssh"
            ],
            "tags_fingerprint": "pfSjJj1RiUg=",
            "timeouts": null,
            "zone": "us-east1-c"
          },
          "sensitive_attributes": [],
          "private": "eyJlMmJmYjczMC1lY2FhLTExZTYtOGY4OC0zNDM2M2JjN2M0YzAiOnsiY3JlYXRlIjoxMjAwMDAwMDAwMDAwLCJkZWxldGUiOjEyMDAwMDAwMDAwMDAsInVwZGF0ZSI6MTIwMDAwMDAwMDAwMH0sInNjaGVtYV92ZXJzaW9uIjoiNiJ9",
          "dependencies": [
            "google_compute_network.vpc",
            "google_compute_subnetwork.private_subnet"
          ]
        }
      ]
    },
    {
      "mode": "managed",
      "type": "google_compute_instance",
      "name": "vm_instance_kubernetes-master-node-01",
      "provider": "provider[\"registry.terraform.io/hashicorp/google\"]",
      "instances": [
        {
          "schema_version": 6,
          "attributes": {
            "allow_stopping_for_update": null,
            "attached_disk": [],
            "boot_disk": [
              {
                "auto_delete": true,
                "device_name": "persistent-disk-0",
                "disk_encryption_key_raw": "",
                "disk_encryption_key_sha256": "",
                "initialize_params": [
                  {
                    "image": "https://www.googleapis.com/compute/v1/projects/debian-cloud/global/images/debian-10-buster-v20210420",
                    "labels": {},
                    "size": 10,
                    "type": "pd-standard"
                  }
                ],
                "kms_key_self_link": "",
                "mode": "READ_WRITE",
                "source": "https://www.googleapis.com/compute/v1/projects/desafio-project/zones/us-east1-c/disks/kubernetes-master-node-01"
              }
            ],
            "can_ip_forward": false,
            "confidential_instance_config": [],
            "cpu_platform": "Intel Haswell",
            "current_status": "RUNNING",
            "deletion_protection": false,
            "description": "",
            "desired_status": null,
            "enable_display": false,
            "guest_accelerator": [],
            "hostname": "",
            "id": "projects/desafio-project/zones/us-east1-c/instances/kubernetes-master-node-01",
            "instance_id": "5321353135906792901",
            "label_fingerprint": "42WmSpB8rSM=",
            "labels": {},
            "machine_type": "e2-highcpu-4",
            "metadata": {
              "ssh-keys": "root:ssh-rsa AAAAB3NzaC1yc2EAAAADAQABAAABAQDevhwoghRsFt3aQABCjuFk1+bkkOK+GLFFXyKZiikObL5i38+4V7L17V+JL9SzpZFw34nlXNitm40bvQBkZxO+i4KKddExxveR8Dzg3tL7FOZCYDL4IxbTpbedC3DfVMcwE9a9HvsHbSqeh31J/i9n9FjhgfcCXkgemHGURNc+RDCK+L0rApyPg90J8Lt8KA4KcakPeBU9YonlXkYzK5haHN47kRisQGPW1GGpbz2xpJjaSkychrRjFjLhOezfEHBEnSi5OALhJLAihY6U3Vbs0z2wH/1wTgppBvH87vLF5OKI6z67flXMUYPGMu4TJA6sXJbigCUHnQS16ywOYLet analivia@ithappens-3g\n"
            },
            "metadata_fingerprint": "8jVD9Y7Rrrw=",
            "metadata_startup_script": "sudo apt-get update; sudo apt-get install -yq build-essential python-pip rsync",
            "min_cpu_platform": "",
            "name": "kubernetes-master-node-01",
            "network_interface": [
              {
                "access_config": [
                  {
                    "nat_ip": "35.229.27.140",
                    "network_tier": "PREMIUM",
                    "public_ptr_domain_name": ""
                  }
                ],
                "alias_ip_range": [],
                "name": "nic0",
                "network": "https://www.googleapis.com/compute/v1/projects/desafio-project/global/networks/desafio-network",
                "network_ip": "10.15.1.2",
                "nic_type": "",
                "subnetwork": "https://www.googleapis.com/compute/v1/projects/desafio-project/regions/us-east1/subnetworks/meister-us-east1-priv-net",
                "subnetwork_project": "desafio-project"
              }
            ],
            "project": "desafio-project",
            "resource_policies": [],
            "scheduling": [
              {
                "automatic_restart": true,
                "min_node_cpus": 0,
                "node_affinities": [],
                "on_host_maintenance": "MIGRATE",
                "preemptible": false
              }
            ],
            "scratch_disk": [],
            "self_link": "https://www.googleapis.com/compute/v1/projects/desafio-project/zones/us-east1-c/instances/kubernetes-master-node-01",
            "service_account": [],
            "shielded_instance_config": [
              {
                "enable_integrity_monitoring": true,
                "enable_secure_boot": false,
                "enable_vtpm": true
              }
            ],
            "tags": [
              "k8s",
              "ssh"
            ],
            "tags_fingerprint": "17MvW2wNRZE=",
            "timeouts": null,
            "zone": "us-east1-c"
          },
          "sensitive_attributes": [],
          "private": "eyJlMmJmYjczMC1lY2FhLTExZTYtOGY4OC0zNDM2M2JjN2M0YzAiOnsiY3JlYXRlIjoxMjAwMDAwMDAwMDAwLCJkZWxldGUiOjEyMDAwMDAwMDAwMDAsInVwZGF0ZSI6MTIwMDAwMDAwMDAwMH0sInNjaGVtYV92ZXJzaW9uIjoiNiJ9",
          "dependencies": [
            "google_compute_subnetwork.private_subnet"
          ]
        }
      ]
    },
    {
      "mode": "managed",
      "type": "google_compute_instance",
      "name": "vm_instance_kubernetes-worker-node-01",
      "provider": "provider[\"registry.terraform.io/hashicorp/google\"]",
      "instances": [
        {
          "schema_version": 6,
          "attributes": {
            "allow_stopping_for_update": null,
            "attached_disk": [],
            "boot_disk": [
              {
                "auto_delete": true,
                "device_name": "persistent-disk-0",
                "disk_encryption_key_raw": "",
                "disk_encryption_key_sha256": "",
                "initialize_params": [
                  {
                    "image": "https://www.googleapis.com/compute/v1/projects/debian-cloud/global/images/debian-10-buster-v20210420",
                    "labels": {},
                    "size": 10,
                    "type": "pd-standard"
                  }
                ],
                "kms_key_self_link": "",
                "mode": "READ_WRITE",
                "source": "https://www.googleapis.com/compute/v1/projects/desafio-project/zones/us-east1-c/disks/kubernetes-worker-node-01"
              }
            ],
            "can_ip_forward": false,
            "confidential_instance_config": [],
            "cpu_platform": "Intel Haswell",
            "current_status": "RUNNING",
            "deletion_protection": false,
            "description": "",
            "desired_status": null,
            "enable_display": false,
            "guest_accelerator": [],
            "hostname": "",
            "id": "projects/desafio-project/zones/us-east1-c/instances/kubernetes-worker-node-01",
            "instance_id": "4450580389595092545",
            "label_fingerprint": "42WmSpB8rSM=",
            "labels": {},
            "machine_type": "e2-highcpu-4",
            "metadata": {
              "ssh-keys": "root:ssh-rsa AAAAB3NzaC1yc2EAAAADAQABAAABAQDevhwoghRsFt3aQABCjuFk1+bkkOK+GLFFXyKZiikObL5i38+4V7L17V+JL9SzpZFw34nlXNitm40bvQBkZxO+i4KKddExxveR8Dzg3tL7FOZCYDL4IxbTpbedC3DfVMcwE9a9HvsHbSqeh31J/i9n9FjhgfcCXkgemHGURNc+RDCK+L0rApyPg90J8Lt8KA4KcakPeBU9YonlXkYzK5haHN47kRisQGPW1GGpbz2xpJjaSkychrRjFjLhOezfEHBEnSi5OALhJLAihY6U3Vbs0z2wH/1wTgppBvH87vLF5OKI6z67flXMUYPGMu4TJA6sXJbigCUHnQS16ywOYLet analivia@ithappens-3g\n"
            },
            "metadata_fingerprint": "jxENKljS4fM=",
            "metadata_startup_script": "sudo apt-get update; sudo apt-get install -yq build-essential python-pip rsync htop",
            "min_cpu_platform": "",
            "name": "kubernetes-worker-node-01",
            "network_interface": [
              {
                "access_config": [
                  {
                    "nat_ip": "35.227.41.125",
                    "network_tier": "PREMIUM",
                    "public_ptr_domain_name": ""
                  }
                ],
                "alias_ip_range": [],
                "name": "nic0",
                "network": "https://www.googleapis.com/compute/v1/projects/desafio-project/global/networks/desafio-network",
                "network_ip": "10.15.1.8",
                "nic_type": "",
                "subnetwork": "https://www.googleapis.com/compute/v1/projects/desafio-project/regions/us-east1/subnetworks/meister-us-east1-priv-net",
                "subnetwork_project": "desafio-project"
              }
            ],
            "project": "desafio-project",
            "resource_policies": [],
            "scheduling": [
              {
                "automatic_restart": true,
                "min_node_cpus": 0,
                "node_affinities": [],
                "on_host_maintenance": "MIGRATE",
                "preemptible": false
              }
            ],
            "scratch_disk": [],
            "self_link": "https://www.googleapis.com/compute/v1/projects/desafio-project/zones/us-east1-c/instances/kubernetes-worker-node-01",
            "service_account": [],
            "shielded_instance_config": [
              {
                "enable_integrity_monitoring": true,
                "enable_secure_boot": false,
                "enable_vtpm": true
              }
            ],
            "tags": [
              "k8s",
              "ssh"
            ],
            "tags_fingerprint": "17MvW2wNRZE=",
            "timeouts": null,
            "zone": "us-east1-c"
          },
          "sensitive_attributes": [],
          "private": "eyJlMmJmYjczMC1lY2FhLTExZTYtOGY4OC0zNDM2M2JjN2M0YzAiOnsiY3JlYXRlIjoxMjAwMDAwMDAwMDAwLCJkZWxldGUiOjEyMDAwMDAwMDAwMDAsInVwZGF0ZSI6MTIwMDAwMDAwMDAwMH0sInNjaGVtYV92ZXJzaW9uIjoiNiJ9",
          "dependencies": [
            "google_compute_subnetwork.private_subnet"
          ]
        }
      ]
    },
    {
      "mode": "managed",
      "type": "google_compute_instance",
      "name": "vm_instance_monitoring-01",
      "provider": "provider[\"registry.terraform.io/hashicorp/google\"]",
      "instances": [
        {
          "schema_version": 6,
          "attributes": {
            "allow_stopping_for_update": null,
            "attached_disk": [],
            "boot_disk": [
              {
                "auto_delete": true,
                "device_name": "persistent-disk-0",
                "disk_encryption_key_raw": "",
                "disk_encryption_key_sha256": "",
                "initialize_params": [
                  {
                    "image": "https://www.googleapis.com/compute/v1/projects/debian-cloud/global/images/debian-10-buster-v20210420",
                    "labels": {},
                    "size": 10,
                    "type": "pd-standard"
                  }
                ],
                "kms_key_self_link": "",
                "mode": "READ_WRITE",
                "source": "https://www.googleapis.com/compute/v1/projects/desafio-project/zones/us-east1-c/disks/monitoring-01"
              }
            ],
            "can_ip_forward": false,
            "confidential_instance_config": [],
            "cpu_platform": "Intel Haswell",
            "current_status": "RUNNING",
            "deletion_protection": false,
            "description": "",
            "desired_status": null,
            "enable_display": false,
            "guest_accelerator": [],
            "hostname": "",
            "id": "projects/desafio-project/zones/us-east1-c/instances/monitoring-01",
            "instance_id": "8977600654019303062",
            "label_fingerprint": "42WmSpB8rSM=",
            "labels": {},
            "machine_type": "e2-highcpu-4",
            "metadata": {
              "ssh-keys": "root:ssh-rsa AAAAB3NzaC1yc2EAAAADAQABAAABAQDevhwoghRsFt3aQABCjuFk1+bkkOK+GLFFXyKZiikObL5i38+4V7L17V+JL9SzpZFw34nlXNitm40bvQBkZxO+i4KKddExxveR8Dzg3tL7FOZCYDL4IxbTpbedC3DfVMcwE9a9HvsHbSqeh31J/i9n9FjhgfcCXkgemHGURNc+RDCK+L0rApyPg90J8Lt8KA4KcakPeBU9YonlXkYzK5haHN47kRisQGPW1GGpbz2xpJjaSkychrRjFjLhOezfEHBEnSi5OALhJLAihY6U3Vbs0z2wH/1wTgppBvH87vLF5OKI6z67flXMUYPGMu4TJA6sXJbigCUHnQS16ywOYLet analivia@ithappens-3g\n"
            },
            "metadata_fingerprint": "jxENKljS4fM=",
            "metadata_startup_script": "sudo apt-get update; sudo apt-get install -yq build-essential python-pip rsync htop",
            "min_cpu_platform": "",
            "name": "monitoring-01",
            "network_interface": [
              {
                "access_config": [
                  {
                    "nat_ip": "34.73.44.233",
                    "network_tier": "PREMIUM",
                    "public_ptr_domain_name": ""
                  }
                ],
                "alias_ip_range": [],
                "name": "nic0",
                "network": "https://www.googleapis.com/compute/v1/projects/desafio-project/global/networks/desafio-network",
                "network_ip": "10.15.1.4",
                "nic_type": "",
                "subnetwork": "https://www.googleapis.com/compute/v1/projects/desafio-project/regions/us-east1/subnetworks/meister-us-east1-priv-net",
                "subnetwork_project": "desafio-project"
              }
            ],
            "project": "desafio-project",
            "resource_policies": [],
            "scheduling": [
              {
                "automatic_restart": true,
                "min_node_cpus": 0,
                "node_affinities": [],
                "on_host_maintenance": "MIGRATE",
                "preemptible": false
              }
            ],
            "scratch_disk": [],
            "self_link": "https://www.googleapis.com/compute/v1/projects/desafio-project/zones/us-east1-c/instances/monitoring-01",
            "service_account": [],
            "shielded_instance_config": [
              {
                "enable_integrity_monitoring": true,
                "enable_secure_boot": false,
                "enable_vtpm": true
              }
            ],
            "tags": [
              "ssh"
            ],
            "tags_fingerprint": "pfSjJj1RiUg=",
            "timeouts": null,
            "zone": "us-east1-c"
          },
          "sensitive_attributes": [],
          "private": "eyJlMmJmYjczMC1lY2FhLTExZTYtOGY4OC0zNDM2M2JjN2M0YzAiOnsiY3JlYXRlIjoxMjAwMDAwMDAwMDAwLCJkZWxldGUiOjEyMDAwMDAwMDAwMDAsInVwZGF0ZSI6MTIwMDAwMDAwMDAwMH0sInNjaGVtYV92ZXJzaW9uIjoiNiJ9",
          "dependencies": [
            "google_compute_network.vpc",
            "google_compute_subnetwork.private_subnet"
          ]
        }
      ]
    },
    {
      "mode": "managed",
      "type": "google_compute_instance",
      "name": "vm_instance_monitoring-02",
      "provider": "provider[\"registry.terraform.io/hashicorp/google\"]",
      "instances": [
        {
          "schema_version": 6,
          "attributes": {
            "allow_stopping_for_update": null,
            "attached_disk": [],
            "boot_disk": [
              {
                "auto_delete": true,
                "device_name": "persistent-disk-0",
                "disk_encryption_key_raw": "",
                "disk_encryption_key_sha256": "",
                "initialize_params": [
                  {
                    "image": "https://www.googleapis.com/compute/v1/projects/debian-cloud/global/images/debian-10-buster-v20210420",
                    "labels": {},
                    "size": 10,
                    "type": "pd-standard"
                  }
                ],
                "kms_key_self_link": "",
                "mode": "READ_WRITE",
                "source": "https://www.googleapis.com/compute/v1/projects/desafio-project/zones/us-east1-c/disks/monitoring-02"
              }
            ],
            "can_ip_forward": false,
            "confidential_instance_config": [],
            "cpu_platform": "Intel Haswell",
            "current_status": "RUNNING",
            "deletion_protection": false,
            "description": "",
            "desired_status": null,
            "enable_display": false,
            "guest_accelerator": [],
            "hostname": "",
            "id": "projects/desafio-project/zones/us-east1-c/instances/monitoring-02",
            "instance_id": "8497798565914121879",
            "label_fingerprint": "42WmSpB8rSM=",
            "labels": {},
            "machine_type": "e2-highcpu-4",
            "metadata": {
              "ssh-keys": "root:ssh-rsa AAAAB3NzaC1yc2EAAAADAQABAAABAQDevhwoghRsFt3aQABCjuFk1+bkkOK+GLFFXyKZiikObL5i38+4V7L17V+JL9SzpZFw34nlXNitm40bvQBkZxO+i4KKddExxveR8Dzg3tL7FOZCYDL4IxbTpbedC3DfVMcwE9a9HvsHbSqeh31J/i9n9FjhgfcCXkgemHGURNc+RDCK+L0rApyPg90J8Lt8KA4KcakPeBU9YonlXkYzK5haHN47kRisQGPW1GGpbz2xpJjaSkychrRjFjLhOezfEHBEnSi5OALhJLAihY6U3Vbs0z2wH/1wTgppBvH87vLF5OKI6z67flXMUYPGMu4TJA6sXJbigCUHnQS16ywOYLet analivia@ithappens-3g\n"
            },
            "metadata_fingerprint": "jxENKljS4fM=",
            "metadata_startup_script": "sudo apt-get update; sudo apt-get install -yq build-essential python-pip rsync htop",
            "min_cpu_platform": "",
            "name": "monitoring-02",
            "network_interface": [
              {
                "access_config": [
                  {
                    "nat_ip": "35.231.255.79",
                    "network_tier": "PREMIUM",
                    "public_ptr_domain_name": ""
                  }
                ],
                "alias_ip_range": [],
                "name": "nic0",
                "network": "https://www.googleapis.com/compute/v1/projects/desafio-project/global/networks/desafio-network",
                "network_ip": "10.15.1.3",
                "nic_type": "",
                "subnetwork": "https://www.googleapis.com/compute/v1/projects/desafio-project/regions/us-east1/subnetworks/meister-us-east1-priv-net",
                "subnetwork_project": "desafio-project"
              }
            ],
            "project": "desafio-project",
            "resource_policies": [],
            "scheduling": [
              {
                "automatic_restart": true,
                "min_node_cpus": 0,
                "node_affinities": [],
                "on_host_maintenance": "MIGRATE",
                "preemptible": false
              }
            ],
            "scratch_disk": [],
            "self_link": "https://www.googleapis.com/compute/v1/projects/desafio-project/zones/us-east1-c/instances/monitoring-02",
            "service_account": [],
            "shielded_instance_config": [
              {
                "enable_integrity_monitoring": true,
                "enable_secure_boot": false,
                "enable_vtpm": true
              }
            ],
            "tags": [
              "ssh"
            ],
            "tags_fingerprint": "pfSjJj1RiUg=",
            "timeouts": null,
            "zone": "us-east1-c"
          },
          "sensitive_attributes": [],
          "private": "eyJlMmJmYjczMC1lY2FhLTExZTYtOGY4OC0zNDM2M2JjN2M0YzAiOnsiY3JlYXRlIjoxMjAwMDAwMDAwMDAwLCJkZWxldGUiOjEyMDAwMDAwMDAwMDAsInVwZGF0ZSI6MTIwMDAwMDAwMDAwMH0sInNjaGVtYV92ZXJzaW9uIjoiNiJ9",
          "dependencies": [
            "google_compute_network.vpc",
            "google_compute_subnetwork.private_subnet"
          ]
        }
      ]
    },
    {
      "mode": "managed",
      "type": "google_compute_instance",
      "name": "vm_instance_registry-01",
      "provider": "provider[\"registry.terraform.io/hashicorp/google\"]",
      "instances": [
        {
          "schema_version": 6,
          "attributes": {
            "allow_stopping_for_update": null,
            "attached_disk": [],
            "boot_disk": [
              {
                "auto_delete": true,
                "device_name": "persistent-disk-0",
                "disk_encryption_key_raw": "",
                "disk_encryption_key_sha256": "",
                "initialize_params": [
                  {
                    "image": "https://www.googleapis.com/compute/v1/projects/debian-cloud/global/images/debian-10-buster-v20210420",
                    "labels": {},
                    "size": 10,
                    "type": "pd-standard"
                  }
                ],
                "kms_key_self_link": "",
                "mode": "READ_WRITE",
                "source": "https://www.googleapis.com/compute/v1/projects/desafio-project/zones/us-east1-c/disks/registry-docker-01"
              }
            ],
            "can_ip_forward": false,
            "confidential_instance_config": [],
            "cpu_platform": "Intel Haswell",
            "current_status": "RUNNING",
            "deletion_protection": false,
            "description": "",
            "desired_status": null,
            "enable_display": false,
            "guest_accelerator": [],
            "hostname": "",
            "id": "projects/desafio-project/zones/us-east1-c/instances/registry-docker-01",
            "instance_id": "4071421930834663062",
            "label_fingerprint": "42WmSpB8rSM=",
            "labels": {},
            "machine_type": "f1-micro",
            "metadata": {
              "ssh-keys": "root:ssh-rsa AAAAB3NzaC1yc2EAAAADAQABAAABAQDevhwoghRsFt3aQABCjuFk1+bkkOK+GLFFXyKZiikObL5i38+4V7L17V+JL9SzpZFw34nlXNitm40bvQBkZxO+i4KKddExxveR8Dzg3tL7FOZCYDL4IxbTpbedC3DfVMcwE9a9HvsHbSqeh31J/i9n9FjhgfcCXkgemHGURNc+RDCK+L0rApyPg90J8Lt8KA4KcakPeBU9YonlXkYzK5haHN47kRisQGPW1GGpbz2xpJjaSkychrRjFjLhOezfEHBEnSi5OALhJLAihY6U3Vbs0z2wH/1wTgppBvH87vLF5OKI6z67flXMUYPGMu4TJA6sXJbigCUHnQS16ywOYLet analivia@ithappens-3g\n"
            },
            "metadata_fingerprint": "jxENKljS4fM=",
            "metadata_startup_script": "sudo apt-get update; sudo apt-get install -yq build-essential python-pip rsync htop",
            "min_cpu_platform": "",
            "name": "registry-docker-01",
            "network_interface": [
              {
                "access_config": [
                  {
                    "nat_ip": "35.243.183.190",
                    "network_tier": "PREMIUM",
                    "public_ptr_domain_name": ""
                  }
                ],
                "alias_ip_range": [],
                "name": "nic0",
                "network": "https://www.googleapis.com/compute/v1/projects/desafio-project/global/networks/desafio-network",
                "network_ip": "10.15.1.7",
                "nic_type": "",
                "subnetwork": "https://www.googleapis.com/compute/v1/projects/desafio-project/regions/us-east1/subnetworks/meister-us-east1-priv-net",
                "subnetwork_project": "desafio-project"
              }
            ],
            "project": "desafio-project",
            "resource_policies": [],
            "scheduling": [
              {
                "automatic_restart": true,
                "min_node_cpus": 0,
                "node_affinities": [],
                "on_host_maintenance": "MIGRATE",
                "preemptible": false
              }
            ],
            "scratch_disk": [],
            "self_link": "https://www.googleapis.com/compute/v1/projects/desafio-project/zones/us-east1-c/instances/registry-docker-01",
            "service_account": [],
            "shielded_instance_config": [
              {
                "enable_integrity_monitoring": true,
                "enable_secure_boot": false,
                "enable_vtpm": true
              }
            ],
            "tags": [
              "ssh"
            ],
            "tags_fingerprint": "pfSjJj1RiUg=",
            "timeouts": null,
            "zone": "us-east1-c"
          },
          "sensitive_attributes": [],
          "private": "eyJlMmJmYjczMC1lY2FhLTExZTYtOGY4OC0zNDM2M2JjN2M0YzAiOnsiY3JlYXRlIjoxMjAwMDAwMDAwMDAwLCJkZWxldGUiOjEyMDAwMDAwMDAwMDAsInVwZGF0ZSI6MTIwMDAwMDAwMDAwMH0sInNjaGVtYV92ZXJzaW9uIjoiNiJ9",
          "dependencies": [
            "google_compute_network.vpc",
            "google_compute_subnetwork.private_subnet"
          ]
        }
      ]
    },
    {
      "mode": "managed",
      "type": "google_compute_network",
      "name": "vpc",
      "provider": "provider[\"registry.terraform.io/hashicorp/google\"]",
      "instances": [
        {
          "schema_version": 0,
          "attributes": {
            "auto_create_subnetworks": false,
            "delete_default_routes_on_create": false,
            "description": "",
            "gateway_ipv4": "",
            "id": "projects/desafio-project/global/networks/desafio-network",
            "mtu": 0,
            "name": "desafio-network",
            "project": "desafio-project",
            "routing_mode": "GLOBAL",
            "self_link": "https://www.googleapis.com/compute/v1/projects/desafio-project/global/networks/desafio-network",
            "timeouts": null
          },
          "sensitive_attributes": [],
          "private": "eyJlMmJmYjczMC1lY2FhLTExZTYtOGY4OC0zNDM2M2JjN2M0YzAiOnsiY3JlYXRlIjoyNDAwMDAwMDAwMDAsImRlbGV0ZSI6MjQwMDAwMDAwMDAwLCJ1cGRhdGUiOjI0MDAwMDAwMDAwMH19"
        }
      ]
    },
    {
      "mode": "managed",
      "type": "google_compute_subnetwork",
      "name": "private_subnet",
      "provider": "provider[\"registry.terraform.io/hashicorp/google\"]",
      "instances": [
        {
          "schema_version": 0,
          "attributes": {
            "creation_timestamp": "2021-05-02T14:23:48.962-07:00",
            "description": "",
            "fingerprint": null,
            "gateway_address": "10.15.1.1",
            "id": "projects/desafio-project/regions/us-east1/subnetworks/meister-us-east1-priv-net",
            "ip_cidr_range": "10.15.1.0/24",
            "log_config": [],
            "name": "meister-us-east1-priv-net",
            "network": "https://www.googleapis.com/compute/v1/projects/desafio-project/global/networks/desafio-network",
            "private_ip_google_access": false,
            "private_ipv6_google_access": "DISABLE_GOOGLE_ACCESS",
            "project": "desafio-project",
            "region": "us-east1",
            "secondary_ip_range": [],
            "self_link": "https://www.googleapis.com/compute/v1/projects/desafio-project/regions/us-east1/subnetworks/meister-us-east1-priv-net",
            "timeouts": null
          },
          "sensitive_attributes": [],
          "private": "eyJlMmJmYjczMC1lY2FhLTExZTYtOGY4OC0zNDM2M2JjN2M0YzAiOnsiY3JlYXRlIjozNjAwMDAwMDAwMDAsImRlbGV0ZSI6MzYwMDAwMDAwMDAwLCJ1cGRhdGUiOjM2MDAwMDAwMDAwMH19",
          "dependencies": [
            "google_compute_network.vpc"
          ]
        }
      ]
    },
    {
      "mode": "managed",
      "type": "google_compute_subnetwork",
      "name": "public_subnet",
      "provider": "provider[\"registry.terraform.io/hashicorp/google\"]",
      "instances": [
        {
          "schema_version": 0,
          "attributes": {
            "creation_timestamp": "2021-05-02T14:23:48.278-07:00",
            "description": "",
            "fingerprint": null,
            "gateway_address": "192.168.15.1",
            "id": "projects/desafio-project/regions/us-east1/subnetworks/meister-us-east1-pub-net",
            "ip_cidr_range": "192.168.15.0/24",
            "log_config": [],
            "name": "meister-us-east1-pub-net",
            "network": "https://www.googleapis.com/compute/v1/projects/desafio-project/global/networks/desafio-network",
            "private_ip_google_access": false,
            "private_ipv6_google_access": "DISABLE_GOOGLE_ACCESS",
            "project": "desafio-project",
            "region": "us-east1",
            "secondary_ip_range": [],
            "self_link": "https://www.googleapis.com/compute/v1/projects/desafio-project/regions/us-east1/subnetworks/meister-us-east1-pub-net",
            "timeouts": null
          },
          "sensitive_attributes": [],
          "private": "eyJlMmJmYjczMC1lY2FhLTExZTYtOGY4OC0zNDM2M2JjN2M0YzAiOnsiY3JlYXRlIjozNjAwMDAwMDAwMDAsImRlbGV0ZSI6MzYwMDAwMDAwMDAwLCJ1cGRhdGUiOjM2MDAwMDAwMDAwMH19",
          "dependencies": [
            "google_compute_network.vpc"
          ]
        }
      ]
    }
  ]
}
